
Microsoft Visual Studio Solution File, Format Version 12.00
# Visual Studio Version 16
VisualStudioVersion = 16.0.29519.87
MinimumVisualStudioVersion = 10.0.40219.1
Project("{FAE04EC0-301F-11D3-BF4B-00C04F79EFBC}") = "DerStandard_Anwendung", "DerStandard_Anwendung\DerStandard_Anwendung.csproj", "{39918003-3C7D-4488-B6A5-E8A2C21CA10C}"
EndProject
Project("{9A19103F-16F7-4668-BE54-9A1E7A4F7556}") = "Magazine_Structure", "Magazine_Structure\Magazine_Structure.csproj", "{5FDB742D-8F21-491F-B6B8-3E55BD620578}"
EndProject
Global
	GlobalSection(SolutionConfigurationPlatforms) = preSolution
		Debug|Any CPU = Debug|Any CPU
		Release|Any CPU = Release|Any CPU
	EndGlobalSection
	GlobalSection(ProjectConfigurationPlatforms) = postSolution
		{39918003-3C7D-4488-B6A5-E8A2C21CA10C}.Debug|Any CPU.ActiveCfg = Debug|Any CPU
		{39918003-3C7D-4488-B6A5-E8A2C21CA10C}.Debug|Any CPU.Build.0 = Debug|Any CPU
		{39918003-3C7D-4488-B6A5-E8A2C21CA10C}.Release|Any CPU.ActiveCfg = Release|Any CPU
		{39918003-3C7D-4488-B6A5-E8A2C21CA10C}.Release|Any CPU.Build.0 = Release|Any CPU
		{5FDB742D-8F21-491F-B6B8-3E55BD620578}.Debug|Any CPU.ActiveCfg = Debug|Any CPU
		{5FDB742D-8F21-491F-B6B8-3E55BD620578}.Debug|Any CPU.Build.0 = Debug|Any CPU
		{5FDB742D-8F21-491F-B6B8-3E55BD620578}.Release|Any CPU.ActiveCfg = Release|Any CPU
		{5FDB742D-8F21-491F-B6B8-3E55BD620578}.Release|Any CPU.Build.0 = Release|Any CPU
	EndGlobalSection
	GlobalSection(SolutionProperties) = preSolution
		HideSolutionNode = FALSE
	EndGlobalSection
	GlobalSection(ExtensibilityGlobals) = postSolution
		SolutionGuid = {33A1641B-D87D-4385-B0F7-2FF75B8EBEEB}
	EndGlobalSection
EndGlobal
